
Microsoft Visual Studio Solution File, Format Version 12.00
# Visual Studio Version 17
VisualStudioVersion = 17.5.33502.453
MinimumVisualStudioVersion = 10.0.40219.1
Project("{FAE04EC0-301F-11D3-BF4B-00C04F79EFBC}") = "csharp-calcolatrice", "csharp-calcolatrice.csproj", "{2A3A9212-548B-4C4E-9DC3-50C59922BEB6}"
EndProject
Global
	GlobalSection(SolutionConfigurationPlatforms) = preSolution
		Debug|Any CPU = Debug|Any CPU
		Release|Any CPU = Release|Any CPU
	EndGlobalSection
	GlobalSection(ProjectConfigurationPlatforms) = postSolution
		{2A3A9212-548B-4C4E-9DC3-50C59922BEB6}.Debug|Any CPU.ActiveCfg = Debug|Any CPU
		{2A3A9212-548B-4C4E-9DC3-50C59922BEB6}.Debug|Any CPU.Build.0 = Debug|Any CPU
		{2A3A9212-548B-4C4E-9DC3-50C59922BEB6}.Release|Any CPU.ActiveCfg = Release|Any CPU
		{2A3A9212-548B-4C4E-9DC3-50C59922BEB6}.Release|Any CPU.Build.0 = Release|Any CPU
	EndGlobalSection
	GlobalSection(SolutionProperties) = preSolution
		HideSolutionNode = FALSE
	EndGlobalSection
	GlobalSection(ExtensibilityGlobals) = postSolution
		SolutionGuid = {4B945FC7-CA2B-4995-8B5A-4C9195B89AC2}
	EndGlobalSection
EndGlobal
